
Microsoft Visual Studio Solution File, Format Version 12.00
# Visual Studio Version 17
VisualStudioVersion = 17.10.34928.147
MinimumVisualStudioVersion = 10.0.40219.1
Project("{FAE04EC0-301F-11D3-BF4B-00C04F79EFBC}") = "MonkeyTypeWPF", "MonkeyTypeWPF.csproj", "{44D88977-937E-44F9-8DE6-AB99BD5B9680}"
EndProject
Global
	GlobalSection(SolutionConfigurationPlatforms) = preSolution
		Debug|Any CPU = Debug|Any CPU
		Release|Any CPU = Release|Any CPU
	EndGlobalSection
	GlobalSection(ProjectConfigurationPlatforms) = postSolution
		{44D88977-937E-44F9-8DE6-AB99BD5B9680}.Debug|Any CPU.ActiveCfg = Debug|Any CPU
		{44D88977-937E-44F9-8DE6-AB99BD5B9680}.Debug|Any CPU.Build.0 = Debug|Any CPU
		{44D88977-937E-44F9-8DE6-AB99BD5B9680}.Release|Any CPU.ActiveCfg = Release|Any CPU
		{44D88977-937E-44F9-8DE6-AB99BD5B9680}.Release|Any CPU.Build.0 = Release|Any CPU
	EndGlobalSection
	GlobalSection(SolutionProperties) = preSolution
		HideSolutionNode = FALSE
	EndGlobalSection
	GlobalSection(ExtensibilityGlobals) = postSolution
		SolutionGuid = {133D0176-2128-411B-A83B-DED0B6CB6697}
	EndGlobalSection
EndGlobal
